
Microsoft Visual Studio Solution File, Format Version 12.00
# Visual Studio Version 16
VisualStudioVersion = 16.0.31005.135
MinimumVisualStudioVersion = 10.0.40219.1
Project("{9A19103F-16F7-4668-BE54-9A1E7A4F7556}") = "Redbridge.ApiTesting.Framework", "Redbridge.ApiTesting.Framework\Redbridge.ApiTesting.Framework.csproj", "{B631F421-F320-46FF-92F7-9A88565B7BE3}"
EndProject
Project("{9A19103F-16F7-4668-BE54-9A1E7A4F7556}") = "Redbridge.ApiTesting.Framework.Tests", "Redbridge.ApiTesting.Framework.Tests\Redbridge.ApiTesting.Framework.Tests.csproj", "{13EEEDA1-5720-4894-B1EE-6658DD8DED3D}"
EndProject
Global
	GlobalSection(SolutionConfigurationPlatforms) = preSolution
		Debug|Any CPU = Debug|Any CPU
		Release|Any CPU = Release|Any CPU
	EndGlobalSection
	GlobalSection(ProjectConfigurationPlatforms) = postSolution
		{B631F421-F320-46FF-92F7-9A88565B7BE3}.Debug|Any CPU.ActiveCfg = Debug|Any CPU
		{B631F421-F320-46FF-92F7-9A88565B7BE3}.Debug|Any CPU.Build.0 = Debug|Any CPU
		{B631F421-F320-46FF-92F7-9A88565B7BE3}.Release|Any CPU.ActiveCfg = Release|Any CPU
		{B631F421-F320-46FF-92F7-9A88565B7BE3}.Release|Any CPU.Build.0 = Release|Any CPU
		{13EEEDA1-5720-4894-B1EE-6658DD8DED3D}.Debug|Any CPU.ActiveCfg = Debug|Any CPU
		{13EEEDA1-5720-4894-B1EE-6658DD8DED3D}.Debug|Any CPU.Build.0 = Debug|Any CPU
		{13EEEDA1-5720-4894-B1EE-6658DD8DED3D}.Release|Any CPU.ActiveCfg = Release|Any CPU
		{13EEEDA1-5720-4894-B1EE-6658DD8DED3D}.Release|Any CPU.Build.0 = Release|Any CPU
	EndGlobalSection
	GlobalSection(SolutionProperties) = preSolution
		HideSolutionNode = FALSE
	EndGlobalSection
	GlobalSection(ExtensibilityGlobals) = postSolution
		SolutionGuid = {7FF9FD29-13D8-40C0-9F51-77017C85FDEB}
	EndGlobalSection
EndGlobal
